// !$*UTF8*$!
{
	archiveVersion = 1;
	classes = {
	};
	objectVersion = 55;
	objects = {

/* Begin PBXBuildFile section */
		CE94E2E8277218530034A60C /* DetailTableViewController.swift in Sources */ = {isa = PBXBuildFile; fileRef = CE94E2E7277218530034A60C /* DetailTableViewController.swift */; };
		CE94E2EA27724D1F0034A60C /* Detail.swift in Sources */ = {isa = PBXBuildFile; fileRef = CE94E2E927724D1F0034A60C /* Detail.swift */; };
		CED27836276F513B004C786D /* AppDelegate.swift in Sources */ = {isa = PBXBuildFile; fileRef = CED27835276F513B004C786D /* AppDelegate.swift */; };
		CED27838276F513B004C786D /* SceneDelegate.swift in Sources */ = {isa = PBXBuildFile; fileRef = CED27837276F513B004C786D /* SceneDelegate.swift */; };
		CED2783A276F513B004C786D /* ViewController.swift in Sources */ = {isa = PBXBuildFile; fileRef = CED27839276F513B004C786D /* ViewController.swift */; };
		CED2783D276F513B004C786D /* Main.storyboard in Resources */ = {isa = PBXBuildFile; fileRef = CED2783B276F513B004C786D /* Main.storyboard */; };
		CED2783F276F513D004C786D /* Assets.xcassets in Resources */ = {isa = PBXBuildFile; fileRef = CED2783E276F513D004C786D /* Assets.xcassets */; };
		CED27842276F513D004C786D /* LaunchScreen.storyboard in Resources */ = {isa = PBXBuildFile; fileRef = CED27840276F513D004C786D /* LaunchScreen.storyboard */; };
		CED27850276F5273004C786D /* UniformTypeIdentifiers.framework in Frameworks */ = {isa = PBXBuildFile; fileRef = CED2784F276F5273004C786D /* UniformTypeIdentifiers.framework */; };
		CED27853276F5273004C786D /* Media.xcassets in Resources */ = {isa = PBXBuildFile; fileRef = CED27852276F5273004C786D /* Media.xcassets */; };
		CED27855276F5273004C786D /* ActionViewController.swift in Sources */ = {isa = PBXBuildFile; fileRef = CED27854276F5273004C786D /* ActionViewController.swift */; };
		CED27858276F5273004C786D /* MainInterface.storyboard in Resources */ = {isa = PBXBuildFile; fileRef = CED27856276F5273004C786D /* MainInterface.storyboard */; };
		CED2785C276F5273004C786D /* Extantion.appex in Embed App Extensions */ = {isa = PBXBuildFile; fileRef = CED2784D276F5273004C786D /* Extantion.appex */; settings = {ATTRIBUTES = (RemoveHeadersOnCopy, ); }; };
		CED27863276F57DD004C786D /* Action.js in Resources */ = {isa = PBXBuildFile; fileRef = CED27862276F57DD004C786D /* Action.js */; };
/* End PBXBuildFile section */

/* Begin PBXContainerItemProxy section */
		CED2785A276F5273004C786D /* PBXContainerItemProxy */ = {
			isa = PBXContainerItemProxy;
			containerPortal = CED2782A276F513B004C786D /* Project object */;
			proxyType = 1;
			remoteGlobalIDString = CED2784C276F5273004C786D;
			remoteInfo = Extantion;
		};
/* End PBXContainerItemProxy section */

/* Begin PBXCopyFilesBuildPhase section */
		CED27860276F5273004C786D /* Embed App Extensions */ = {
			isa = PBXCopyFilesBuildPhase;
			buildActionMask = 2147483647;
			dstPath = "";
			dstSubfolderSpec = 13;
			files = (
				CED2785C276F5273004C786D /* Extantion.appex in Embed App Extensions */,
			);
			name = "Embed App Extensions";
			runOnlyForDeploymentPostprocessing = 0;
		};
/* End PBXCopyFilesBuildPhase section */

/* Begin PBXFileReference section */
		CE94E2E7277218530034A60C /* DetailTableViewController.swift */ = {isa = PBXFileReference; lastKnownFileType = sourcecode.swift; path = DetailTableViewController.swift; sourceTree = "<group>"; };
		CE94E2E927724D1F0034A60C /* Detail.swift */ = {isa = PBXFileReference; lastKnownFileType = sourcecode.swift; path = Detail.swift; sourceTree = "<group>"; };
		CED27832276F513B004C786D /* Project 19.app */ = {isa = PBXFileReference; explicitFileType = wrapper.application; includeInIndex = 0; path = "Project 19.app"; sourceTree = BUILT_PRODUCTS_DIR; };
		CED27835276F513B004C786D /* AppDelegate.swift */ = {isa = PBXFileReference; lastKnownFileType = sourcecode.swift; path = AppDelegate.swift; sourceTree = "<group>"; };
		CED27837276F513B004C786D /* SceneDelegate.swift */ = {isa = PBXFileReference; lastKnownFileType = sourcecode.swift; path = SceneDelegate.swift; sourceTree = "<group>"; };
		CED27839276F513B004C786D /* ViewController.swift */ = {isa = PBXFileReference; lastKnownFileType = sourcecode.swift; path = ViewController.swift; sourceTree = "<group>"; };
		CED2783C276F513B004C786D /* Base */ = {isa = PBXFileReference; lastKnownFileType = file.storyboard; name = Base; path = Base.lproj/Main.storyboard; sourceTree = "<group>"; };
		CED2783E276F513D004C786D /* Assets.xcassets */ = {isa = PBXFileReference; lastKnownFileType = folder.assetcatalog; path = Assets.xcassets; sourceTree = "<group>"; };
		CED27841276F513D004C786D /* Base */ = {isa = PBXFileReference; lastKnownFileType = file.storyboard; name = Base; path = Base.lproj/LaunchScreen.storyboard; sourceTree = "<group>"; };
		CED27843276F513D004C786D /* Info.plist */ = {isa = PBXFileReference; lastKnownFileType = text.plist.xml; path = Info.plist; sourceTree = "<group>"; };
		CED2784D276F5273004C786D /* Extantion.appex */ = {isa = PBXFileReference; explicitFileType = "wrapper.app-extension"; includeInIndex = 0; path = Extantion.appex; sourceTree = BUILT_PRODUCTS_DIR; };
		CED2784F276F5273004C786D /* UniformTypeIdentifiers.framework */ = {isa = PBXFileReference; lastKnownFileType = wrapper.framework; name = UniformTypeIdentifiers.framework; path = System/Library/Frameworks/UniformTypeIdentifiers.framework; sourceTree = SDKROOT; };
		CED27852276F5273004C786D /* Media.xcassets */ = {isa = PBXFileReference; lastKnownFileType = folder.assetcatalog; path = Media.xcassets; sourceTree = "<group>"; };
		CED27854276F5273004C786D /* ActionViewController.swift */ = {isa = PBXFileReference; lastKnownFileType = sourcecode.swift; path = ActionViewController.swift; sourceTree = "<group>"; };
		CED27857276F5273004C786D /* Base */ = {isa = PBXFileReference; lastKnownFileType = file.storyboard; name = Base; path = Base.lproj/MainInterface.storyboard; sourceTree = "<group>"; };
		CED27859276F5273004C786D /* Info.plist */ = {isa = PBXFileReference; lastKnownFileType = text.plist.xml; path = Info.plist; sourceTree = "<group>"; };
		CED27862276F57DD004C786D /* Action.js */ = {isa = PBXFileReference; lastKnownFileType = sourcecode.javascript; path = Action.js; sourceTree = "<group>"; };
/* End PBXFileReference section */

/* Begin PBXFrameworksBuildPhase section */
		CED2782F276F513B004C786D /* Frameworks */ = {
			isa = PBXFrameworksBuildPhase;
			buildActionMask = 2147483647;
			files = (
			);
			runOnlyForDeploymentPostprocessing = 0;
		};
		CED2784A276F5273004C786D /* Frameworks */ = {
			isa = PBXFrameworksBuildPhase;
			buildActionMask = 2147483647;
			files = (
				CED27850276F5273004C786D /* UniformTypeIdentifiers.framework in Frameworks */,
			);
			runOnlyForDeploymentPostprocessing = 0;
		};
/* End PBXFrameworksBuildPhase section */

/* Begin PBXGroup section */
		CED27829276F513B004C786D = {
			isa = PBXGroup;
			children = (
				CED27834276F513B004C786D /* Project 19 */,
				CED27851276F5273004C786D /* Extantion */,
				CED2784E276F5273004C786D /* Frameworks */,
				CED27833276F513B004C786D /* Products */,
			);
			sourceTree = "<group>";
		};
		CED27833276F513B004C786D /* Products */ = {
			isa = PBXGroup;
			children = (
				CED27832276F513B004C786D /* Project 19.app */,
				CED2784D276F5273004C786D /* Extantion.appex */,
			);
			name = Products;
			sourceTree = "<group>";
		};
		CED27834276F513B004C786D /* Project 19 */ = {
			isa = PBXGroup;
			children = (
				CED27835276F513B004C786D /* AppDelegate.swift */,
				CED27837276F513B004C786D /* SceneDelegate.swift */,
				CED27839276F513B004C786D /* ViewController.swift */,
				CED2783B276F513B004C786D /* Main.storyboard */,
				CED2783E276F513D004C786D /* Assets.xcassets */,
				CED27840276F513D004C786D /* LaunchScreen.storyboard */,
				CED27843276F513D004C786D /* Info.plist */,
			);
			path = "Project 19";
			sourceTree = "<group>";
		};
		CED2784E276F5273004C786D /* Frameworks */ = {
			isa = PBXGroup;
			children = (
				CED2784F276F5273004C786D /* UniformTypeIdentifiers.framework */,
			);
			name = Frameworks;
			sourceTree = "<group>";
		};
		CED27851276F5273004C786D /* Extantion */ = {
			isa = PBXGroup;
			children = (
				CED27852276F5273004C786D /* Media.xcassets */,
				CED27854276F5273004C786D /* ActionViewController.swift */,
				CE94E2E7277218530034A60C /* DetailTableViewController.swift */,
				CE94E2E927724D1F0034A60C /* Detail.swift */,
				CED27856276F5273004C786D /* MainInterface.storyboard */,
				CED27859276F5273004C786D /* Info.plist */,
				CED27862276F57DD004C786D /* Action.js */,
			);
			path = Extantion;
			sourceTree = "<group>";
		};
/* End PBXGroup section */

/* Begin PBXNativeTarget section */
		CED27831276F513B004C786D /* Project 19 */ = {
			isa = PBXNativeTarget;
			buildConfigurationList = CED27846276F513D004C786D /* Build configuration list for PBXNativeTarget "Project 19" */;
			buildPhases = (
				CED2782E276F513B004C786D /* Sources */,
				CED2782F276F513B004C786D /* Frameworks */,
				CED27830276F513B004C786D /* Resources */,
				CED27860276F5273004C786D /* Embed App Extensions */,
			);
			buildRules = (
			);
			dependencies = (
				CED2785B276F5273004C786D /* PBXTargetDependency */,
			);
			name = "Project 19";
			productName = "Project 19";
			productReference = CED27832276F513B004C786D /* Project 19.app */;
			productType = "com.apple.product-type.application";
		};
		CED2784C276F5273004C786D /* Extantion */ = {
			isa = PBXNativeTarget;
			buildConfigurationList = CED2785D276F5273004C786D /* Build configuration list for PBXNativeTarget "Extantion" */;
			buildPhases = (
				CED27849276F5273004C786D /* Sources */,
				CED2784A276F5273004C786D /* Frameworks */,
				CED2784B276F5273004C786D /* Resources */,
			);
			buildRules = (
			);
			dependencies = (
			);
			name = Extantion;
			productName = Extantion;
			productReference = CED2784D276F5273004C786D /* Extantion.appex */;
			productType = "com.apple.product-type.app-extension";
		};
/* End PBXNativeTarget section */

/* Begin PBXProject section */
		CED2782A276F513B004C786D /* Project object */ = {
			isa = PBXProject;
			attributes = {
				BuildIndependentTargetsInParallel = 1;
				LastSwiftUpdateCheck = 1310;
				LastUpgradeCheck = 1310;
				TargetAttributes = {
					CED27831276F513B004C786D = {
						CreatedOnToolsVersion = 13.1;
					};
					CED2784C276F5273004C786D = {
						CreatedOnToolsVersion = 13.1;
					};
				};
			};
			buildConfigurationList = CED2782D276F513B004C786D /* Build configuration list for PBXProject "Project 19" */;
			compatibilityVersion = "Xcode 13.0";
			developmentRegion = en;
			hasScannedForEncodings = 0;
			knownRegions = (
				en,
				Base,
			);
			mainGroup = CED27829276F513B004C786D;
			productRefGroup = CED27833276F513B004C786D /* Products */;
			projectDirPath = "";
			projectRoot = "";
			targets = (
				CED27831276F513B004C786D /* Project 19 */,
				CED2784C276F5273004C786D /* Extantion */,
			);
		};
/* End PBXProject section */

/* Begin PBXResourcesBuildPhase section */
		CED27830276F513B004C786D /* Resources */ = {
			isa = PBXResourcesBuildPhase;
			buildActionMask = 2147483647;
			files = (
				CED27842276F513D004C786D /* LaunchScreen.storyboard in Resources */,
				CED2783F276F513D004C786D /* Assets.xcassets in Resources */,
				CED2783D276F513B004C786D /* Main.storyboard in Resources */,
			);
			runOnlyForDeploymentPostprocessing = 0;
		};
		CED2784B276F5273004C786D /* Resources */ = {
			isa = PBXResourcesBuildPhase;
			buildActionMask = 2147483647;
			files = (
				CED27863276F57DD004C786D /* Action.js in Resources */,
				CED27853276F5273004C786D /* Media.xcassets in Resources */,
				CED27858276F5273004C786D /* MainInterface.storyboard in Resources */,
			);
			runOnlyForDeploymentPostprocessing = 0;
		};
/* End PBXResourcesBuildPhase section */

/* Begin PBXSourcesBuildPhase section */
		CED2782E276F513B004C786D /* Sources */ = {
			isa = PBXSourcesBuildPhase;
			buildActionMask = 2147483647;
			files = (
				CED2783A276F513B004C786D /* ViewController.swift in Sources */,
				CED27836276F513B004C786D /* AppDelegate.swift in Sources */,
				CED27838276F513B004C786D /* SceneDelegate.swift in Sources */,
			);
			runOnlyForDeploymentPostprocessing = 0;
		};
		CED27849276F5273004C786D /* Sources */ = {
			isa = PBXSourcesBuildPhase;
			buildActionMask = 2147483647;
			files = (
				CE94E2E8277218530034A60C /* DetailTableViewController.swift in Sources */,
				CED27855276F5273004C786D /* ActionViewController.swift in Sources */,
				CE94E2EA27724D1F0034A60C /* Detail.swift in Sources */,
			);
			runOnlyForDeploymentPostprocessing = 0;
		};
/* End PBXSourcesBuildPhase section */

/* Begin PBXTargetDependency section */
		CED2785B276F5273004C786D /* PBXTargetDependency */ = {
			isa = PBXTargetDependency;
			target = CED2784C276F5273004C786D /* Extantion */;
			targetProxy = CED2785A276F5273004C786D /* PBXContainerItemProxy */;
		};
/* End PBXTargetDependency section */

/* Begin PBXVariantGroup section */
		CED2783B276F513B004C786D /* Main.storyboard */ = {
			isa = PBXVariantGroup;
			children = (
				CED2783C276F513B004C786D /* Base */,
			);
			name = Main.storyboard;
			sourceTree = "<group>";
		};
		CED27840276F513D004C786D /* LaunchScreen.storyboard */ = {
			isa = PBXVariantGroup;
			children = (
				CED27841276F513D004C786D /* Base */,
			);
			name = LaunchScreen.storyboard;
			sourceTree = "<group>";
		};
		CED27856276F5273004C786D /* MainInterface.storyboard */ = {
			isa = PBXVariantGroup;
			children = (
				CED27857276F5273004C786D /* Base */,
			);
			name = MainInterface.storyboard;
			sourceTree = "<group>";
		};
/* End PBXVariantGroup section */

/* Begin XCBuildConfiguration section */
		CED27844276F513D004C786D /* Debug */ = {
			isa = XCBuildConfiguration;
			buildSettings = {
				ALWAYS_SEARCH_USER_PATHS = NO;
				CLANG_ANALYZER_NONNULL = YES;
				CLANG_ANALYZER_NUMBER_OBJECT_CONVERSION = YES_AGGRESSIVE;
				CLANG_CXX_LANGUAGE_STANDARD = "gnu++17";
				CLANG_CXX_LIBRARY = "libc++";
				CLANG_ENABLE_MODULES = YES;
				CLANG_ENABLE_OBJC_ARC = YES;
				CLANG_ENABLE_OBJC_WEAK = YES;
				CLANG_WARN_BLOCK_CAPTURE_AUTORELEASING = YES;
				CLANG_WARN_BOOL_CONVERSION = YES;
				CLANG_WARN_COMMA = YES;
				CLANG_WARN_CONSTANT_CONVERSION = YES;
				CLANG_WARN_DEPRECATED_OBJC_IMPLEMENTATIONS = YES;
				CLANG_WARN_DIRECT_OBJC_ISA_USAGE = YES_ERROR;
				CLANG_WARN_DOCUMENTATION_COMMENTS = YES;
				CLANG_WARN_EMPTY_BODY = YES;
				CLANG_WARN_ENUM_CONVERSION = YES;
				CLANG_WARN_INFINITE_RECURSION = YES;
				CLANG_WARN_INT_CONVERSION = YES;
				CLANG_WARN_NON_LITERAL_NULL_CONVERSION = YES;
				CLANG_WARN_OBJC_IMPLICIT_RETAIN_SELF = YES;
				CLANG_WARN_OBJC_LITERAL_CONVERSION = YES;
				CLANG_WARN_OBJC_ROOT_CLASS = YES_ERROR;
				CLANG_WARN_QUOTED_INCLUDE_IN_FRAMEWORK_HEADER = YES;
				CLANG_WARN_RANGE_LOOP_ANALYSIS = YES;
				CLANG_WARN_STRICT_PROTOTYPES = YES;
				CLANG_WARN_SUSPICIOUS_MOVE = YES;
				CLANG_WARN_UNGUARDED_AVAILABILITY = YES_AGGRESSIVE;
				CLANG_WARN_UNREACHABLE_CODE = YES;
				CLANG_WARN__DUPLICATE_METHOD_MATCH = YES;
				COPY_PHASE_STRIP = NO;
				DEBUG_INFORMATION_FORMAT = dwarf;
				ENABLE_STRICT_OBJC_MSGSEND = YES;
				ENABLE_TESTABILITY = YES;
				GCC_C_LANGUAGE_STANDARD = gnu11;
				GCC_DYNAMIC_NO_PIC = NO;
				GCC_NO_COMMON_BLOCKS = YES;
				GCC_OPTIMIZATION_LEVEL = 0;
				GCC_PREPROCESSOR_DEFINITIONS = (
					"DEBUG=1",
					"$(inherited)",
				);
				GCC_WARN_64_TO_32_BIT_CONVERSION = YES;
				GCC_WARN_ABOUT_RETURN_TYPE = YES_ERROR;
				GCC_WARN_UNDECLARED_SELECTOR = YES;
				GCC_WARN_UNINITIALIZED_AUTOS = YES_AGGRESSIVE;
				GCC_WARN_UNUSED_FUNCTION = YES;
				GCC_WARN_UNUSED_VARIABLE = YES;
				IPHONEOS_DEPLOYMENT_TARGET = 15.0;
				MTL_ENABLE_DEBUG_INFO = INCLUDE_SOURCE;
				MTL_FAST_MATH = YES;
				ONLY_ACTIVE_ARCH = YES;
				SDKROOT = iphoneos;
				SWIFT_ACTIVE_COMPILATION_CONDITIONS = DEBUG;
				SWIFT_OPTIMIZATION_LEVEL = "-Onone";
			};
			name = Debug;
		};
		CED27845276F513D004C786D /* Release */ = {
			isa = XCBuildConfiguration;
			buildSettings = {
				ALWAYS_SEARCH_USER_PATHS = NO;
				CLANG_ANALYZER_NONNULL = YES;
				CLANG_ANALYZER_NUMBER_OBJECT_CONVERSION = YES_AGGRESSIVE;
				CLANG_CXX_LANGUAGE_STANDARD = "gnu++17";
				CLANG_CXX_LIBRARY = "libc++";
				CLANG_ENABLE_MODULES = YES;
				CLANG_ENABLE_OBJC_ARC = YES;
				CLANG_ENABLE_OBJC_WEAK = YES;
				CLANG_WARN_BLOCK_CAPTURE_AUTORELEASING = YES;
				CLANG_WARN_BOOL_CONVERSION = YES;
				CLANG_WARN_COMMA = YES;
				CLANG_WARN_CONSTANT_CONVERSION = YES;
				CLANG_WARN_DEPRECATED_OBJC_IMPLEMENTATIONS = YES;
				CLANG_WARN_DIRECT_OBJC_ISA_USAGE = YES_ERROR;
				CLANG_WARN_DOCUMENTATION_COMMENTS = YES;
				CLANG_WARN_EMPTY_BODY = YES;
				CLANG_WARN_ENUM_CONVERSION = YES;
				CLANG_WARN_INFINITE_RECURSION = YES;
				CLANG_WARN_INT_CONVERSION = YES;
				CLANG_WARN_NON_LITERAL_NULL_CONVERSION = YES;
				CLANG_WARN_OBJC_IMPLICIT_RETAIN_SELF = YES;
				CLANG_WARN_OBJC_LITERAL_CONVERSION = YES;
				CLANG_WARN_OBJC_ROOT_CLASS = YES_ERROR;
				CLANG_WARN_QUOTED_INCLUDE_IN_FRAMEWORK_HEADER = YES;
				CLANG_WARN_RANGE_LOOP_ANALYSIS = YES;
				CLANG_WARN_STRICT_PROTOTYPES = YES;
				CLANG_WARN_SUSPICIOUS_MOVE = YES;
				CLANG_WARN_UNGUARDED_AVAILABILITY = YES_AGGRESSIVE;
				CLANG_WARN_UNREACHABLE_CODE = YES;
				CLANG_WARN__DUPLICATE_METHOD_MATCH = YES;
				COPY_PHASE_STRIP = NO;
				DEBUG_INFORMATION_FORMAT = "dwarf-with-dsym";
				ENABLE_NS_ASSERTIONS = NO;
				ENABLE_STRICT_OBJC_MSGSEND = YES;
				GCC_C_LANGUAGE_STANDARD = gnu11;
				GCC_NO_COMMON_BLOCKS = YES;
				GCC_WARN_64_TO_32_BIT_CONVERSION = YES;
				GCC_WARN_ABOUT_RETURN_TYPE = YES_ERROR;
				GCC_WARN_UNDECLARED_SELECTOR = YES;
				GCC_WARN_UNINITIALIZED_AUTOS = YES_AGGRESSIVE;
				GCC_WARN_UNUSED_FUNCTION = YES;
				GCC_WARN_UNUSED_VARIABLE = YES;
				IPHONEOS_DEPLOYMENT_TARGET = 15.0;
				MTL_ENABLE_DEBUG_INFO = NO;
				MTL_FAST_MATH = YES;
				SDKROOT = iphoneos;
				SWIFT_COMPILATION_MODE = wholemodule;
				SWIFT_OPTIMIZATION_LEVEL = "-O";
				VALIDATE_PRODUCT = YES;
			};
			name = Release;
		};
		CED27847276F513D004C786D /* Debug */ = {
			isa = XCBuildConfiguration;
			buildSettings = {
				ALWAYS_EMBED_SWIFT_STANDARD_LIBRARIES = YES;
				ASSETCATALOG_COMPILER_APPICON_NAME = AppIcon;
				ASSETCATALOG_COMPILER_GLOBAL_ACCENT_COLOR_NAME = AccentColor;
				CODE_SIGN_STYLE = Automatic;
				CURRENT_PROJECT_VERSION = 1;
				GENERATE_INFOPLIST_FILE = YES;
				INFOPLIST_FILE = "Project 19/Info.plist";
				INFOPLIST_KEY_UIApplicationSupportsIndirectInputEvents = YES;
				INFOPLIST_KEY_UILaunchStoryboardName = LaunchScreen;
				INFOPLIST_KEY_UIMainStoryboardFile = Main;
				INFOPLIST_KEY_UISupportedInterfaceOrientations_iPad = "UIInterfaceOrientationPortrait UIInterfaceOrientationPortraitUpsideDown UIInterfaceOrientationLandscapeLeft UIInterfaceOrientationLandscapeRight";
				INFOPLIST_KEY_UISupportedInterfaceOrientations_iPhone = "UIInterfaceOrientationPortrait UIInterfaceOrientationLandscapeLeft UIInterfaceOrientationLandscapeRight";
				LD_RUNPATH_SEARCH_PATHS = (
					"$(inherited)",
					"@executable_path/Frameworks",
				);
				MARKETING_VERSION = 1.0;
				PRODUCT_BUNDLE_IDENTIFIER = "UIKIT.Project-19";
				PRODUCT_NAME = "$(TARGET_NAME)";
				SWIFT_EMIT_LOC_STRINGS = YES;
				SWIFT_VERSION = 5.0;
				TARGETED_DEVICE_FAMILY = "1,2";
			};
			name = Debug;
		};
		CED27848276F513D004C786D /* Release */ = {
			isa = XCBuildConfiguration;
			buildSettings = {
				ALWAYS_EMBED_SWIFT_STANDARD_LIBRARIES = YES;
				ASSETCATALOG_COMPILER_APPICON_NAME = AppIcon;
				ASSETCATALOG_COMPILER_GLOBAL_ACCENT_COLOR_NAME = AccentColor;
				CODE_SIGN_STYLE = Automatic;
				CURRENT_PROJECT_VERSION = 1;
				GENERATE_INFOPLIST_FILE = YES;
				INFOPLIST_FILE = "Project 19/Info.plist";
				INFOPLIST_KEY_UIApplicationSupportsIndirectInputEvents = YES;
				INFOPLIST_KEY_UILaunchStoryboardName = LaunchScreen;
				INFOPLIST_KEY_UIMainStoryboardFile = Main;
				INFOPLIST_KEY_UISupportedInterfaceOrientations_iPad = "UIInterfaceOrientationPortrait UIInterfaceOrientationPortraitUpsideDown UIInterfaceOrientationLandscapeLeft UIInterfaceOrientationLandscapeRight";
				INFOPLIST_KEY_UISupportedInterfaceOrientations_iPhone = "UIInterfaceOrientationPortrait UIInterfaceOrientationLandscapeLeft UIInterfaceOrientationLandscapeRight";
				LD_RUNPATH_SEARCH_PATHS = (
					"$(inherited)",
					"@executable_path/Frameworks",
				);
				MARKETING_VERSION = 1.0;
				PRODUCT_BUNDLE_IDENTIFIER = "UIKIT.Project-19";
				PRODUCT_NAME = "$(TARGET_NAME)";
				SWIFT_EMIT_LOC_STRINGS = YES;
				SWIFT_VERSION = 5.0;
				TARGETED_DEVICE_FAMILY = "1,2";
			};
			name = Release;
		};
		CED2785E276F5273004C786D /* Debug */ = {
			isa = XCBuildConfiguration;
			buildSettings = {
				CODE_SIGN_STYLE = Automatic;
				CURRENT_PROJECT_VERSION = 1;
				GENERATE_INFOPLIST_FILE = YES;
				INFOPLIST_FILE = Extantion/Info.plist;
				INFOPLIST_KEY_CFBundleDisplayName = Extantion;
				INFOPLIST_KEY_NSHumanReadableCopyright = "";
				LD_RUNPATH_SEARCH_PATHS = (
					"$(inherited)",
					"@executable_path/Frameworks",
					"@executable_path/../../Frameworks",
				);
				MARKETING_VERSION = 1.0;
				PRODUCT_BUNDLE_IDENTIFIER = "UIKIT.Project-19.Extantion";
				PRODUCT_NAME = "$(TARGET_NAME)";
				SKIP_INSTALL = YES;
				SWIFT_EMIT_LOC_STRINGS = YES;
				SWIFT_VERSION = 5.0;
				TARGETED_DEVICE_FAMILY = "1,2";
			};
			name = Debug;
		};
		CED2785F276F5273004C786D /* Release */ = {
			isa = XCBuildConfiguration;
			buildSettings = {
				CODE_SIGN_STYLE = Automatic;
				CURRENT_PROJECT_VERSION = 1;
				GENERATE_INFOPLIST_FILE = YES;
				INFOPLIST_FILE = Extantion/Info.plist;
				INFOPLIST_KEY_CFBundleDisplayName = Extantion;
				INFOPLIST_KEY_NSHumanReadableCopyright = "";
				LD_RUNPATH_SEARCH_PATHS = (
					"$(inherited)",
					"@executable_path/Frameworks",
					"@executable_path/../../Frameworks",
				);
				MARKETING_VERSION = 1.0;
				PRODUCT_BUNDLE_IDENTIFIER = "UIKIT.Project-19.Extantion";
				PRODUCT_NAME = "$(TARGET_NAME)";
				SKIP_INSTALL = YES;
				SWIFT_EMIT_LOC_STRINGS = YES;
				SWIFT_VERSION = 5.0;
				TARGETED_DEVICE_FAMILY = "1,2";
			};
			name = Release;
		};
/* End XCBuildConfiguration section */

/* Begin XCConfigurationList section */
		CED2782D276F513B004C786D /* Build configuration list for PBXProject "Project 19" */ = {
			isa = XCConfigurationList;
			buildConfigurations = (
				CED27844276F513D004C786D /* Debug */,
				CED27845276F513D004C786D /* Release */,
			);
			defaultConfigurationIsVisible = 0;
			defaultConfigurationName = Release;
		};
		CED27846276F513D004C786D /* Build configuration list for PBXNativeTarget "Project 19" */ = {
			isa = XCConfigurationList;
			buildConfigurations = (
				CED27847276F513D004C786D /* Debug */,
				CED27848276F513D004C786D /* Release */,
			);
			defaultConfigurationIsVisible = 0;
			defaultConfigurationName = Release;
		};
		CED2785D276F5273004C786D /* Build configuration list for PBXNativeTarget "Extantion" */ = {
			isa = XCConfigurationList;
			buildConfigurations = (
				CED2785E276F5273004C786D /* Debug */,
				CED2785F276F5273004C786D /* Release */,
			);
			defaultConfigurationIsVisible = 0;
			defaultConfigurationName = Release;
		};
/* End XCConfigurationList section */
	};
	rootObject = CED2782A276F513B004C786D /* Project object */;
}
